
Microsoft Visual Studio Solution File, Format Version 12.00
# Visual Studio Version 17
VisualStudioVersion = 17.1.32407.343
MinimumVisualStudioVersion = 10.0.40219.1
Project("{2150E333-8FDC-42A3-9474-1A3956D46DE8}") = "Services", "Services", "{B690C239-9711-42F7-B438-45621E029B97}"
EndProject
Project("{2150E333-8FDC-42A3-9474-1A3956D46DE8}") = "Catalog", "Catalog", "{2311EEFF-9B7E-4C26-B75B-F5D1196557BA}"
EndProject
Project("{FAE04EC0-301F-11D3-BF4B-00C04F79EFBC}") = "CatalogAPIApp", "Services\Catalog\CatalogAPIApp\CatalogAPIApp.csproj", "{936B42BF-1B4B-4467-BE26-370BB9BCCF07}"
EndProject
Global
	GlobalSection(SolutionConfigurationPlatforms) = preSolution
		Debug|Any CPU = Debug|Any CPU
		Release|Any CPU = Release|Any CPU
	EndGlobalSection
	GlobalSection(ProjectConfigurationPlatforms) = postSolution
		{936B42BF-1B4B-4467-BE26-370BB9BCCF07}.Debug|Any CPU.ActiveCfg = Debug|Any CPU
		{936B42BF-1B4B-4467-BE26-370BB9BCCF07}.Debug|Any CPU.Build.0 = Debug|Any CPU
		{936B42BF-1B4B-4467-BE26-370BB9BCCF07}.Release|Any CPU.ActiveCfg = Release|Any CPU
		{936B42BF-1B4B-4467-BE26-370BB9BCCF07}.Release|Any CPU.Build.0 = Release|Any CPU
	EndGlobalSection
	GlobalSection(SolutionProperties) = preSolution
		HideSolutionNode = FALSE
	EndGlobalSection
	GlobalSection(NestedProjects) = preSolution
		{2311EEFF-9B7E-4C26-B75B-F5D1196557BA} = {B690C239-9711-42F7-B438-45621E029B97}
		{936B42BF-1B4B-4467-BE26-370BB9BCCF07} = {2311EEFF-9B7E-4C26-B75B-F5D1196557BA}
	EndGlobalSection
	GlobalSection(ExtensibilityGlobals) = postSolution
		SolutionGuid = {B64195FA-F108-48B3-A5CC-0DDA9E7D6BC2}
	EndGlobalSection
EndGlobal
