
Microsoft Visual Studio Solution File, Format Version 12.00
# Visual Studio Version 17
VisualStudioVersion = 17.1.32407.343
MinimumVisualStudioVersion = 10.0.40219.1
Project("{2150E333-8FDC-42A3-9474-1A3956D46DE8}") = "Services", "Services", "{B690C239-9711-42F7-B438-45621E029B97}"
EndProject
Project("{2150E333-8FDC-42A3-9474-1A3956D46DE8}") = "Catalog", "Catalog", "{2311EEFF-9B7E-4C26-B75B-F5D1196557BA}"
EndProject
Project("{9A19103F-16F7-4668-BE54-9A1E7A4F7556}") = "CatalogAPIApp", "Services\Catalog\CatalogAPIApp\CatalogAPIApp.csproj", "{936B42BF-1B4B-4467-BE26-370BB9BCCF07}"
EndProject
Project("{2150E333-8FDC-42A3-9474-1A3956D46DE8}") = "Solution Items", "Solution Items", "{6EAEC844-A3E4-4473-A169-BAB616F52397}"
	ProjectSection(SolutionItems) = preProject
		Commands.txt = Commands.txt
	EndProjectSection
EndProject
Project("{E53339B2-1760-4266-BCC7-CA923CBCF16C}") = "docker-compose", "docker-compose.dcproj", "{01085FA6-70AD-4916-90A6-28A55077B34A}"
EndProject
Global
	GlobalSection(SolutionConfigurationPlatforms) = preSolution
		Debug|Any CPU = Debug|Any CPU
		Release|Any CPU = Release|Any CPU
	EndGlobalSection
	GlobalSection(ProjectConfigurationPlatforms) = postSolution
		{936B42BF-1B4B-4467-BE26-370BB9BCCF07}.Debug|Any CPU.ActiveCfg = Debug|Any CPU
		{936B42BF-1B4B-4467-BE26-370BB9BCCF07}.Debug|Any CPU.Build.0 = Debug|Any CPU
		{936B42BF-1B4B-4467-BE26-370BB9BCCF07}.Release|Any CPU.ActiveCfg = Release|Any CPU
		{936B42BF-1B4B-4467-BE26-370BB9BCCF07}.Release|Any CPU.Build.0 = Release|Any CPU
		{01085FA6-70AD-4916-90A6-28A55077B34A}.Debug|Any CPU.ActiveCfg = Debug|Any CPU
		{01085FA6-70AD-4916-90A6-28A55077B34A}.Debug|Any CPU.Build.0 = Debug|Any CPU
		{01085FA6-70AD-4916-90A6-28A55077B34A}.Release|Any CPU.ActiveCfg = Release|Any CPU
		{01085FA6-70AD-4916-90A6-28A55077B34A}.Release|Any CPU.Build.0 = Release|Any CPU
	EndGlobalSection
	GlobalSection(SolutionProperties) = preSolution
		HideSolutionNode = FALSE
	EndGlobalSection
	GlobalSection(NestedProjects) = preSolution
		{2311EEFF-9B7E-4C26-B75B-F5D1196557BA} = {B690C239-9711-42F7-B438-45621E029B97}
		{936B42BF-1B4B-4467-BE26-370BB9BCCF07} = {2311EEFF-9B7E-4C26-B75B-F5D1196557BA}
	EndGlobalSection
	GlobalSection(ExtensibilityGlobals) = postSolution
		SolutionGuid = {B64195FA-F108-48B3-A5CC-0DDA9E7D6BC2}
	EndGlobalSection
EndGlobal
