
Microsoft Visual Studio Solution File, Format Version 12.00
# Visual Studio Version 17
VisualStudioVersion = 17.1.32407.343
MinimumVisualStudioVersion = 10.0.40219.1
Project("{2150E333-8FDC-42A3-9474-1A3956D46DE8}") = "Services", "Services", "{B690C239-9711-42F7-B438-45621E029B97}"
EndProject
Project("{2150E333-8FDC-42A3-9474-1A3956D46DE8}") = "Catalog", "Catalog", "{2311EEFF-9B7E-4C26-B75B-F5D1196557BA}"
EndProject
Project("{9A19103F-16F7-4668-BE54-9A1E7A4F7556}") = "CatalogAPIApp", "Services\Catalog\CatalogAPIApp\CatalogAPIApp.csproj", "{936B42BF-1B4B-4467-BE26-370BB9BCCF07}"
EndProject
Project("{2150E333-8FDC-42A3-9474-1A3956D46DE8}") = "Solution Items", "Solution Items", "{6EAEC844-A3E4-4473-A169-BAB616F52397}"
	ProjectSection(SolutionItems) = preProject
		Commands.txt = Commands.txt
	EndProjectSection
EndProject
Project("{E53339B2-1760-4266-BCC7-CA923CBCF16C}") = "docker-compose", "docker-compose.dcproj", "{01085FA6-70AD-4916-90A6-28A55077B34A}"
EndProject
Project("{2150E333-8FDC-42A3-9474-1A3956D46DE8}") = "Basket", "Basket", "{403EA9CE-59DE-400C-A267-7327F8CEDB09}"
EndProject
Project("{9A19103F-16F7-4668-BE54-9A1E7A4F7556}") = "BasketAPIApp", "Services\Basket\BasketAPIApp\BasketAPIApp.csproj", "{0454BBBA-5B8A-4D2B-9A0F-4B9365E1CFB8}"
EndProject
Project("{2150E333-8FDC-42A3-9474-1A3956D46DE8}") = "Discount", "Discount", "{B829EC18-F060-415B-AC6A-3C0B8122AE71}"
EndProject
Project("{9A19103F-16F7-4668-BE54-9A1E7A4F7556}") = "DiscountAPIApp", "Discount\DiscountAPIApp\DiscountAPIApp.csproj", "{49EE0EE3-0647-47A4-A847-C61DDD45A6BE}"
EndProject
Project("{9A19103F-16F7-4668-BE54-9A1E7A4F7556}") = "DiscountGrpc", "Discount\DiscountGrpc\DiscountGrpc.csproj", "{3EA98B35-DCC2-4905-94C3-6C53BC58F774}"
EndProject
Project("{2150E333-8FDC-42A3-9474-1A3956D46DE8}") = "Ordering", "Ordering", "{AF45B618-54C2-422A-98B7-E83F1D09BE40}"
EndProject
Project("{9A19103F-16F7-4668-BE54-9A1E7A4F7556}") = "OrderingAPIApp", "Services\Ordering\Ordering\OrderingAPIApp.csproj", "{C09EA458-0328-415E-ACF6-280AFAB258BC}"
EndProject
Project("{FAE04EC0-301F-11D3-BF4B-00C04F79EFBC}") = "OrderingDomain", "Services\Ordering\OrderingDomain\OrderingDomain.csproj", "{4C37414A-19D5-41C3-A41A-574D324018BC}"
EndProject
Project("{FAE04EC0-301F-11D3-BF4B-00C04F79EFBC}") = "OrderingApplication", "Services\Ordering\OrderingApplication\OrderingApplication.csproj", "{7182EFFA-3FB3-4DCE-84CB-673B1094B7CE}"
EndProject
Project("{FAE04EC0-301F-11D3-BF4B-00C04F79EFBC}") = "OrderingInfrastructure", "Services\Ordering\OrderingInfrastructure\OrderingInfrastructure.csproj", "{8A7E5FE5-3F1A-45DB-AA59-BE5ED9C1D657}"
EndProject
Global
	GlobalSection(SolutionConfigurationPlatforms) = preSolution
		Debug|Any CPU = Debug|Any CPU
		Release|Any CPU = Release|Any CPU
	EndGlobalSection
	GlobalSection(ProjectConfigurationPlatforms) = postSolution
		{936B42BF-1B4B-4467-BE26-370BB9BCCF07}.Debug|Any CPU.ActiveCfg = Debug|Any CPU
		{936B42BF-1B4B-4467-BE26-370BB9BCCF07}.Debug|Any CPU.Build.0 = Debug|Any CPU
		{936B42BF-1B4B-4467-BE26-370BB9BCCF07}.Release|Any CPU.ActiveCfg = Release|Any CPU
		{936B42BF-1B4B-4467-BE26-370BB9BCCF07}.Release|Any CPU.Build.0 = Release|Any CPU
		{01085FA6-70AD-4916-90A6-28A55077B34A}.Debug|Any CPU.ActiveCfg = Debug|Any CPU
		{01085FA6-70AD-4916-90A6-28A55077B34A}.Debug|Any CPU.Build.0 = Debug|Any CPU
		{01085FA6-70AD-4916-90A6-28A55077B34A}.Release|Any CPU.ActiveCfg = Release|Any CPU
		{01085FA6-70AD-4916-90A6-28A55077B34A}.Release|Any CPU.Build.0 = Release|Any CPU
		{0454BBBA-5B8A-4D2B-9A0F-4B9365E1CFB8}.Debug|Any CPU.ActiveCfg = Debug|Any CPU
		{0454BBBA-5B8A-4D2B-9A0F-4B9365E1CFB8}.Debug|Any CPU.Build.0 = Debug|Any CPU
		{0454BBBA-5B8A-4D2B-9A0F-4B9365E1CFB8}.Release|Any CPU.ActiveCfg = Release|Any CPU
		{0454BBBA-5B8A-4D2B-9A0F-4B9365E1CFB8}.Release|Any CPU.Build.0 = Release|Any CPU
		{49EE0EE3-0647-47A4-A847-C61DDD45A6BE}.Debug|Any CPU.ActiveCfg = Debug|Any CPU
		{49EE0EE3-0647-47A4-A847-C61DDD45A6BE}.Debug|Any CPU.Build.0 = Debug|Any CPU
		{49EE0EE3-0647-47A4-A847-C61DDD45A6BE}.Release|Any CPU.ActiveCfg = Release|Any CPU
		{49EE0EE3-0647-47A4-A847-C61DDD45A6BE}.Release|Any CPU.Build.0 = Release|Any CPU
		{3EA98B35-DCC2-4905-94C3-6C53BC58F774}.Debug|Any CPU.ActiveCfg = Debug|Any CPU
		{3EA98B35-DCC2-4905-94C3-6C53BC58F774}.Debug|Any CPU.Build.0 = Debug|Any CPU
		{3EA98B35-DCC2-4905-94C3-6C53BC58F774}.Release|Any CPU.ActiveCfg = Release|Any CPU
		{3EA98B35-DCC2-4905-94C3-6C53BC58F774}.Release|Any CPU.Build.0 = Release|Any CPU
		{C09EA458-0328-415E-ACF6-280AFAB258BC}.Debug|Any CPU.ActiveCfg = Debug|Any CPU
		{C09EA458-0328-415E-ACF6-280AFAB258BC}.Debug|Any CPU.Build.0 = Debug|Any CPU
		{C09EA458-0328-415E-ACF6-280AFAB258BC}.Release|Any CPU.ActiveCfg = Release|Any CPU
		{C09EA458-0328-415E-ACF6-280AFAB258BC}.Release|Any CPU.Build.0 = Release|Any CPU
		{4C37414A-19D5-41C3-A41A-574D324018BC}.Debug|Any CPU.ActiveCfg = Debug|Any CPU
		{4C37414A-19D5-41C3-A41A-574D324018BC}.Debug|Any CPU.Build.0 = Debug|Any CPU
		{4C37414A-19D5-41C3-A41A-574D324018BC}.Release|Any CPU.ActiveCfg = Release|Any CPU
		{4C37414A-19D5-41C3-A41A-574D324018BC}.Release|Any CPU.Build.0 = Release|Any CPU
		{7182EFFA-3FB3-4DCE-84CB-673B1094B7CE}.Debug|Any CPU.ActiveCfg = Debug|Any CPU
		{7182EFFA-3FB3-4DCE-84CB-673B1094B7CE}.Debug|Any CPU.Build.0 = Debug|Any CPU
		{7182EFFA-3FB3-4DCE-84CB-673B1094B7CE}.Release|Any CPU.ActiveCfg = Release|Any CPU
		{7182EFFA-3FB3-4DCE-84CB-673B1094B7CE}.Release|Any CPU.Build.0 = Release|Any CPU
		{8A7E5FE5-3F1A-45DB-AA59-BE5ED9C1D657}.Debug|Any CPU.ActiveCfg = Debug|Any CPU
		{8A7E5FE5-3F1A-45DB-AA59-BE5ED9C1D657}.Debug|Any CPU.Build.0 = Debug|Any CPU
		{8A7E5FE5-3F1A-45DB-AA59-BE5ED9C1D657}.Release|Any CPU.ActiveCfg = Release|Any CPU
		{8A7E5FE5-3F1A-45DB-AA59-BE5ED9C1D657}.Release|Any CPU.Build.0 = Release|Any CPU
	EndGlobalSection
	GlobalSection(SolutionProperties) = preSolution
		HideSolutionNode = FALSE
	EndGlobalSection
	GlobalSection(NestedProjects) = preSolution
		{2311EEFF-9B7E-4C26-B75B-F5D1196557BA} = {B690C239-9711-42F7-B438-45621E029B97}
		{936B42BF-1B4B-4467-BE26-370BB9BCCF07} = {2311EEFF-9B7E-4C26-B75B-F5D1196557BA}
		{403EA9CE-59DE-400C-A267-7327F8CEDB09} = {B690C239-9711-42F7-B438-45621E029B97}
		{0454BBBA-5B8A-4D2B-9A0F-4B9365E1CFB8} = {403EA9CE-59DE-400C-A267-7327F8CEDB09}
		{B829EC18-F060-415B-AC6A-3C0B8122AE71} = {B690C239-9711-42F7-B438-45621E029B97}
		{49EE0EE3-0647-47A4-A847-C61DDD45A6BE} = {B829EC18-F060-415B-AC6A-3C0B8122AE71}
		{3EA98B35-DCC2-4905-94C3-6C53BC58F774} = {B829EC18-F060-415B-AC6A-3C0B8122AE71}
		{AF45B618-54C2-422A-98B7-E83F1D09BE40} = {B690C239-9711-42F7-B438-45621E029B97}
		{C09EA458-0328-415E-ACF6-280AFAB258BC} = {AF45B618-54C2-422A-98B7-E83F1D09BE40}
		{4C37414A-19D5-41C3-A41A-574D324018BC} = {AF45B618-54C2-422A-98B7-E83F1D09BE40}
		{7182EFFA-3FB3-4DCE-84CB-673B1094B7CE} = {AF45B618-54C2-422A-98B7-E83F1D09BE40}
		{8A7E5FE5-3F1A-45DB-AA59-BE5ED9C1D657} = {AF45B618-54C2-422A-98B7-E83F1D09BE40}
	EndGlobalSection
	GlobalSection(ExtensibilityGlobals) = postSolution
		SolutionGuid = {B64195FA-F108-48B3-A5CC-0DDA9E7D6BC2}
	EndGlobalSection
EndGlobal
